
Microsoft Visual Studio Solution File, Format Version 11.00
# Visual Studio 2010
Project("{FAE04EC0-301F-11D3-BF4B-00C04F79EFBC}") = "Assembly-CSharp", "Assembly-CSharp.csproj", "{99E1957A-FA01-B575-2ADC-E9B1F05E7810}"
EndProject
Project("{FAE04EC0-301F-11D3-BF4B-00C04F79EFBC}") = "Assembly-CSharp-firstpass", "Assembly-CSharp-firstpass.csproj", "{FAC694FF-D767-2E81-222E-F79F3FAE7D02}"
EndProject
Project("{FAE04EC0-301F-11D3-BF4B-00C04F79EFBC}") = "Assembly-CSharp-Editor-firstpass", "Assembly-CSharp-Editor-firstpass.csproj", "{2B196548-7647-4984-8BFB-8B2EA869774D}"
EndProject
Global
	GlobalSection(SolutionConfigurationPlatforms) = preSolution
		Debug|Any CPU = Debug|Any CPU
		Release|Any CPU = Release|Any CPU
	EndGlobalSection
	GlobalSection(ProjectConfigurationPlatforms) = postSolution
		{99E1957A-FA01-B575-2ADC-E9B1F05E7810}.Debug|Any CPU.ActiveCfg = Debug|Any CPU
		{99E1957A-FA01-B575-2ADC-E9B1F05E7810}.Debug|Any CPU.Build.0 = Debug|Any CPU
		{99E1957A-FA01-B575-2ADC-E9B1F05E7810}.Release|Any CPU.ActiveCfg = Release|Any CPU
		{99E1957A-FA01-B575-2ADC-E9B1F05E7810}.Release|Any CPU.Build.0 = Release|Any CPU
		{FAC694FF-D767-2E81-222E-F79F3FAE7D02}.Debug|Any CPU.ActiveCfg = Debug|Any CPU
		{FAC694FF-D767-2E81-222E-F79F3FAE7D02}.Debug|Any CPU.Build.0 = Debug|Any CPU
		{FAC694FF-D767-2E81-222E-F79F3FAE7D02}.Release|Any CPU.ActiveCfg = Release|Any CPU
		{FAC694FF-D767-2E81-222E-F79F3FAE7D02}.Release|Any CPU.Build.0 = Release|Any CPU
		{2B196548-7647-4984-8BFB-8B2EA869774D}.Debug|Any CPU.ActiveCfg = Debug|Any CPU
		{2B196548-7647-4984-8BFB-8B2EA869774D}.Debug|Any CPU.Build.0 = Debug|Any CPU
		{2B196548-7647-4984-8BFB-8B2EA869774D}.Release|Any CPU.ActiveCfg = Release|Any CPU
		{2B196548-7647-4984-8BFB-8B2EA869774D}.Release|Any CPU.Build.0 = Release|Any CPU
	EndGlobalSection
	GlobalSection(SolutionProperties) = preSolution
		HideSolutionNode = FALSE
	EndGlobalSection
	GlobalSection(MonoDevelopProperties) = preSolution
		StartupItem = Assembly-CSharp.csproj
	EndGlobalSection
EndGlobal
